
Microsoft Visual Studio Solution File, Format Version 12.00
# Visual Studio 14
VisualStudioVersion = 14.0.25420.1
MinimumVisualStudioVersion = 10.0.40219.1
Project("{FAE04EC0-301F-11D3-BF4B-00C04F79EFBC}") = "PickMyBeer", "PickMyBeer\PickMyBeer.csproj", "{DB5DCABB-1CBA-4356-B921-7A8300B2E8C9}"
EndProject
Project("{FAE04EC0-301F-11D3-BF4B-00C04F79EFBC}") = "PickMyBeerTest", "PickMyBeerTest\PickMyBeerTest.csproj", "{5D169C53-8AFE-4F49-BD74-8150C12BB520}"
EndProject
Global
	GlobalSection(SolutionConfigurationPlatforms) = preSolution
		Debug|Any CPU = Debug|Any CPU
		Release|Any CPU = Release|Any CPU
	EndGlobalSection
	GlobalSection(ProjectConfigurationPlatforms) = postSolution
		{DB5DCABB-1CBA-4356-B921-7A8300B2E8C9}.Debug|Any CPU.ActiveCfg = Debug|Any CPU
		{DB5DCABB-1CBA-4356-B921-7A8300B2E8C9}.Debug|Any CPU.Build.0 = Debug|Any CPU
		{DB5DCABB-1CBA-4356-B921-7A8300B2E8C9}.Release|Any CPU.ActiveCfg = Release|Any CPU
		{DB5DCABB-1CBA-4356-B921-7A8300B2E8C9}.Release|Any CPU.Build.0 = Release|Any CPU
		{5D169C53-8AFE-4F49-BD74-8150C12BB520}.Debug|Any CPU.ActiveCfg = Debug|Any CPU
		{5D169C53-8AFE-4F49-BD74-8150C12BB520}.Debug|Any CPU.Build.0 = Debug|Any CPU
		{5D169C53-8AFE-4F49-BD74-8150C12BB520}.Release|Any CPU.ActiveCfg = Release|Any CPU
		{5D169C53-8AFE-4F49-BD74-8150C12BB520}.Release|Any CPU.Build.0 = Release|Any CPU
	EndGlobalSection
	GlobalSection(SolutionProperties) = preSolution
		HideSolutionNode = FALSE
	EndGlobalSection
EndGlobal
